{
  "version": 4,
  "terraform_version": "1.9.8",
  "serial": 97,
  "lineage": "72896a61-0296-54b8-7686-b5b8d3c6ed07",
  "outputs": {},
  "resources": [
    {
      "module": "module.base-eks",
      "mode": "managed",
      "type": "aws_cloudwatch_log_group",
      "name": "base-log",
      "provider": "provider[\"registry.terraform.io/hashicorp/aws\"]",
      "instances": [
        {
          "schema_version": 0,
          "attributes": {
            "arn": "arn:aws:logs:us-east-1:084375584745:log-group:/aws/eks-terraform-course/base-cluster/cluster",
            "id": "/aws/eks-terraform-course/base-cluster/cluster",
            "kms_key_id": "",
            "log_group_class": "STANDARD",
            "name": "/aws/eks-terraform-course/base-cluster/cluster",
            "name_prefix": "",
            "retention_in_days": 1,
            "skip_destroy": false,
            "tags": null,
            "tags_all": {}
          },
          "sensitive_attributes": [],
          "private": "bnVsbA=="
        }
      ]
    },
    {
      "module": "module.base-eks",
      "mode": "managed",
      "type": "aws_eks_cluster",
      "name": "base-cluster",
      "provider": "provider[\"registry.terraform.io/hashicorp/aws\"]",
      "instances": [
        {
          "schema_version": 1,
          "attributes": {
            "access_config": [
              {
                "authentication_mode": "CONFIG_MAP",
                "bootstrap_cluster_creator_admin_permissions": true
              }
            ],
            "arn": "arn:aws:eks:us-east-1:084375584745:cluster/base-cluster",
            "bootstrap_self_managed_addons": true,
            "certificate_authority": [
              {
                "data": "LS0tLS1CRUdJTiBDRVJUSUZJQ0FURS0tLS0tCk1JSURCVENDQWUyZ0F3SUJBZ0lJSGhBN21TZmNGNWN3RFFZSktvWklodmNOQVFFTEJRQXdGVEVUTUJFR0ExVUUKQXhNS2EzVmlaWEp1WlhSbGN6QWVGdzB5TkRFd01qSXhORE0zTlRCYUZ3MHpOREV3TWpBeE5EUXlOVEJhTUJVeApFekFSQmdOVkJBTVRDbXQxWW1WeWJtVjBaWE13Z2dFaU1BMEdDU3FHU0liM0RRRUJBUVVBQTRJQkR3QXdnZ0VLCkFvSUJBUUNvUXN5c0R4UmlMMjlhRmV5M0tNaHViNGNWbnN0enEvbzJ4TElsa1lJb3l3WEsrcGFBbG1NN3NFT1kKeG1ZZ0d2anVCR01tMFBQWjBaME5XZnB4TjJrTXNDMXZTZnI5c0dGcmJCTUxZeEwrdXZsOXlXSG4wbkQzS3dvQgpZZWJudmF1VzZLZDhzSDVhTU9FMkl1QndmQmJPT2hCKzFabUpFUXQ5aVd0aUM2bEFualFxOERhQTBHMUMzNWlhCkZYazBWMUQzVmdOeHVqQjBrdGtSUk4yaGFDOEpJb0R1WHFRMmU2YXJkbm9QMUdkeXJLaEtSWFJZSG5pWTZXMmEKODdMMFNWMXNEQzVKRkYwM3B1K0MrT3N5dU4waXZSNTJTTW1zYldsOU9ORE5mTWRJV1lRbXFodXZRWDU5a3RsQgovZmRSdFBmUXcycXowMzBqS3Nta093ZUY2TVAvQWdNQkFBR2pXVEJYTUE0R0ExVWREd0VCL3dRRUF3SUNwREFQCkJnTlZIUk1CQWY4RUJUQURBUUgvTUIwR0ExVWREZ1FXQkJTb0thTmROa2QxcHhuY3dwTmFRR1VpTDZOb2xEQVYKQmdOVkhSRUVEakFNZ2dwcmRXSmxjbTVsZEdWek1BMEdDU3FHU0liM0RRRUJDd1VBQTRJQkFRQll4MGQ3Q2p0cwpuZzJoZnZyNjBLZzMxYjlDNG9uRjR3Tkl1T0RZRllDOG1xSlVRWjJtVDlYbDNxK2VMdXZjb0xqSWVoaFFrenB5Ci9uWW9kSWF4SmdFRlVJcFp4NGM3WnhHQTdub2JFTVB6N3B6OVljZjRSTzBBV2RQQXdTZ2l1cHhwYk5rek0wUWQKbnA2QTU5YVlUVDZBc1hsbEtJaEdFNTFJWklRc0I5eTU5YVBjUjc4d2xlandaWE1zbmQxMWZ0UUlPNVJYR054eAp4MEwzR29GWXI1cXMzK29qdk5wNEpvOGJkZVlWUFBHVTVkcHpSMm5NV3RqcGdwbUNVcUxya0NEcGZjVkcraC9vCkV6cDB1RkdVYVV5YzdEV0dqcEkvdm9yRmdJWUpyMDBnTWg3OUhXWnBsUm5OV1p1YThzajBiTldpQ0dnN3lqYU4KZmxZVytGZ0dVY2I5Ci0tLS0tRU5EIENFUlRJRklDQVRFLS0tLS0K"
              }
            ],
            "cluster_id": null,
            "created_at": "2024-10-22T14:37:20Z",
            "enabled_cluster_log_types": [
              "api",
              "audit"
            ],
            "encryption_config": [],
            "endpoint": "https://2B16A5F47551FE7FA795EFD3D48446DB.yl4.us-east-1.eks.amazonaws.com",
            "id": "base-cluster",
            "identity": [
              {
                "oidc": [
                  {
                    "issuer": "https://oidc.eks.us-east-1.amazonaws.com/id/2B16A5F47551FE7FA795EFD3D48446DB"
                  }
                ]
              }
            ],
            "kubernetes_network_config": [
              {
                "ip_family": "ipv4",
                "service_ipv4_cidr": "172.20.0.0/16",
                "service_ipv6_cidr": ""
              }
            ],
            "name": "base-cluster",
            "outpost_config": [],
            "platform_version": "eks.6",
            "role_arn": "arn:aws:iam::084375584745:role/base-cluster-role",
            "status": "ACTIVE",
            "tags": null,
            "tags_all": {},
            "timeouts": null,
            "upgrade_policy": [
              {
                "support_type": "EXTENDED"
              }
            ],
            "version": "1.31",
            "vpc_config": [
              {
                "cluster_security_group_id": "sg-031d04ac0663f86a9",
                "endpoint_private_access": false,
                "endpoint_public_access": true,
                "public_access_cidrs": [
                  "0.0.0.0/0"
                ],
                "security_group_ids": [
                  "sg-0c5528b4a18d5ddd9"
                ],
                "subnet_ids": [
                  "subnet-0bee5339899514f63",
                  "subnet-0d868d9ee0a16d858"
                ],
                "vpc_id": "vpc-053ccd31d7784b207"
              }
            ]
          },
          "sensitive_attributes": [],
          "private": "eyJlMmJmYjczMC1lY2FhLTExZTYtOGY4OC0zNDM2M2JjN2M0YzAiOnsiY3JlYXRlIjoxODAwMDAwMDAwMDAwLCJkZWxldGUiOjkwMDAwMDAwMDAwMCwidXBkYXRlIjozNjAwMDAwMDAwMDAwfSwic2NoZW1hX3ZlcnNpb24iOiIxIn0=",
          "dependencies": [
            "module.base-eks.aws_cloudwatch_log_group.base-log",
            "module.base-eks.aws_iam_role.base-cluster",
            "module.base-eks.aws_iam_role_policy_attachment.cluster-AmazonEKSClusterPolicy",
            "module.base-eks.aws_iam_role_policy_attachment.cluster-AmazonEKSVPCResourceController",
            "module.base-eks.aws_security_group.base-sg",
            "module.base-vpc.aws_subnet.base-subnets",
            "module.base-vpc.aws_vpc.base-vpc",
            "module.base-vpc.data.aws_availability_zones.available"
          ]
        }
      ]
    },
    {
      "module": "module.base-eks",
      "mode": "managed",
      "type": "aws_eks_node_group",
      "name": "base-node-1",
      "provider": "provider[\"registry.terraform.io/hashicorp/aws\"]",
      "instances": [
        {
          "schema_version": 0,
          "attributes": {
            "ami_type": "AL2023_x86_64_STANDARD",
            "arn": "arn:aws:eks:us-east-1:084375584745:nodegroup/base-cluster/node-1/1ac95a58-cde5-86f4-d1a6-f3e0c7858b81",
            "capacity_type": "ON_DEMAND",
            "cluster_name": "base-cluster",
            "disk_size": 20,
            "force_update_version": null,
            "id": "base-cluster:node-1",
            "instance_types": [
              "t3.micro"
            ],
            "labels": null,
            "launch_template": [],
            "node_group_name": "node-1",
            "node_group_name_prefix": "",
            "node_role_arn": "arn:aws:iam::084375584745:role/base-cluster-role-node",
            "release_version": "1.31.0-20241011",
            "remote_access": [],
            "resources": [
              {
                "autoscaling_groups": [
                  {
                    "name": "eks-node-1-1ac95a58-cde5-86f4-d1a6-f3e0c7858b81"
                  }
                ],
                "remote_access_security_group_id": ""
              }
            ],
            "scaling_config": [
              {
                "desired_size": 2,
                "max_size": 4,
                "min_size": 2
              }
            ],
            "status": "ACTIVE",
            "subnet_ids": [
              "subnet-0bee5339899514f63",
              "subnet-0d868d9ee0a16d858"
            ],
            "tags": null,
            "tags_all": {},
            "taint": [],
            "timeouts": null,
            "update_config": [
              {
                "max_unavailable": 1,
                "max_unavailable_percentage": 0
              }
            ],
            "version": "1.31"
          },
          "sensitive_attributes": [],
          "private": "eyJlMmJmYjczMC1lY2FhLTExZTYtOGY4OC0zNDM2M2JjN2M0YzAiOnsiY3JlYXRlIjozNjAwMDAwMDAwMDAwLCJkZWxldGUiOjM2MDAwMDAwMDAwMDAsInVwZGF0ZSI6MzYwMDAwMDAwMDAwMH19",
          "dependencies": [
            "module.base-eks.aws_cloudwatch_log_group.base-log",
            "module.base-eks.aws_eks_cluster.base-cluster",
            "module.base-eks.aws_iam_role.base-cluster",
            "module.base-eks.aws_iam_role.base-node",
            "module.base-eks.aws_iam_role_policy_attachment.cluster-AmazonEKSClusterPolicy",
            "module.base-eks.aws_iam_role_policy_attachment.cluster-AmazonEKSVPCResourceController",
            "module.base-eks.aws_iam_role_policy_attachment.node-AmazonEC2ContainerRegistryReadOnly",
            "module.base-eks.aws_iam_role_policy_attachment.node-AmazonEKSWorkerNodePolicy",
            "module.base-eks.aws_iam_role_policy_attachment.node-AmazonEKS_CNI_Policy",
            "module.base-eks.aws_security_group.base-sg",
            "module.base-vpc.aws_subnet.base-subnets",
            "module.base-vpc.aws_vpc.base-vpc",
            "module.base-vpc.data.aws_availability_zones.available"
          ]
        }
      ]
    },
    {
      "module": "module.base-eks",
      "mode": "managed",
      "type": "aws_iam_role",
      "name": "base-cluster",
      "provider": "provider[\"registry.terraform.io/hashicorp/aws\"]",
      "instances": [
        {
          "schema_version": 0,
          "attributes": {
            "arn": "arn:aws:iam::084375584745:role/base-cluster-role",
            "assume_role_policy": "{\"Statement\":[{\"Action\":\"sts:AssumeRole\",\"Effect\":\"Allow\",\"Principal\":{\"Service\":\"eks.amazonaws.com\"}}],\"Version\":\"2012-10-17\"}",
            "create_date": "2024-10-22T14:37:02Z",
            "description": "",
            "force_detach_policies": false,
            "id": "base-cluster-role",
            "inline_policy": [],
            "managed_policy_arns": [],
            "max_session_duration": 3600,
            "name": "base-cluster-role",
            "name_prefix": "",
            "path": "/",
            "permissions_boundary": "",
            "tags": null,
            "tags_all": {},
            "unique_id": "AROARHJJNH7UY536IZQ5U"
          },
          "sensitive_attributes": [],
          "private": "bnVsbA=="
        }
      ]
    },
    {
      "module": "module.base-eks",
      "mode": "managed",
      "type": "aws_iam_role",
      "name": "base-node",
      "provider": "provider[\"registry.terraform.io/hashicorp/aws\"]",
      "instances": [
        {
          "schema_version": 0,
          "attributes": {
            "arn": "arn:aws:iam::084375584745:role/base-cluster-role-node",
            "assume_role_policy": "{\"Statement\":[{\"Action\":\"sts:AssumeRole\",\"Effect\":\"Allow\",\"Principal\":{\"Service\":\"ec2.amazonaws.com\"}}],\"Version\":\"2012-10-17\"}",
            "create_date": "2024-10-22T14:37:02Z",
            "description": "",
            "force_detach_policies": false,
            "id": "base-cluster-role-node",
            "inline_policy": [],
            "managed_policy_arns": [],
            "max_session_duration": 3600,
            "name": "base-cluster-role-node",
            "name_prefix": "",
            "path": "/",
            "permissions_boundary": "",
            "tags": null,
            "tags_all": {},
            "unique_id": "AROARHJJNH7UT3QY2RZCB"
          },
          "sensitive_attributes": [],
          "private": "bnVsbA=="
        }
      ]
    },
    {
      "module": "module.base-eks",
      "mode": "managed",
      "type": "aws_iam_role_policy_attachment",
      "name": "cluster-AmazonEKSClusterPolicy",
      "provider": "provider[\"registry.terraform.io/hashicorp/aws\"]",
      "instances": [
        {
          "schema_version": 0,
          "attributes": {
            "id": "base-cluster-role-20241022143703754500000003",
            "policy_arn": "arn:aws:iam::aws:policy/AmazonEKSClusterPolicy",
            "role": "base-cluster-role"
          },
          "sensitive_attributes": [],
          "private": "bnVsbA==",
          "dependencies": [
            "module.base-eks.aws_iam_role.base-cluster"
          ]
        }
      ]
    },
    {
      "module": "module.base-eks",
      "mode": "managed",
      "type": "aws_iam_role_policy_attachment",
      "name": "cluster-AmazonEKSVPCResourceController",
      "provider": "provider[\"registry.terraform.io/hashicorp/aws\"]",
      "instances": [
        {
          "schema_version": 0,
          "attributes": {
            "id": "base-cluster-role-20241022143703980300000005",
            "policy_arn": "arn:aws:iam::aws:policy/AmazonEKSVPCResourceController",
            "role": "base-cluster-role"
          },
          "sensitive_attributes": [],
          "private": "bnVsbA==",
          "dependencies": [
            "module.base-eks.aws_iam_role.base-cluster"
          ]
        }
      ]
    },
    {
      "module": "module.base-eks",
      "mode": "managed",
      "type": "aws_iam_role_policy_attachment",
      "name": "node-AmazonEC2ContainerRegistryReadOnly",
      "provider": "provider[\"registry.terraform.io/hashicorp/aws\"]",
      "instances": [
        {
          "schema_version": 0,
          "attributes": {
            "id": "base-cluster-role-node-20241022143703831000000004",
            "policy_arn": "arn:aws:iam::aws:policy/AmazonEC2ContainerRegistryReadOnly",
            "role": "base-cluster-role-node"
          },
          "sensitive_attributes": [],
          "private": "bnVsbA==",
          "dependencies": [
            "module.base-eks.aws_iam_role.base-node"
          ]
        }
      ]
    },
    {
      "module": "module.base-eks",
      "mode": "managed",
      "type": "aws_iam_role_policy_attachment",
      "name": "node-AmazonEKSWorkerNodePolicy",
      "provider": "provider[\"registry.terraform.io/hashicorp/aws\"]",
      "instances": [
        {
          "schema_version": 0,
          "attributes": {
            "id": "base-cluster-role-node-20241022143703532000000001",
            "policy_arn": "arn:aws:iam::aws:policy/AmazonEKSWorkerNodePolicy",
            "role": "base-cluster-role-node"
          },
          "sensitive_attributes": [],
          "private": "bnVsbA==",
          "dependencies": [
            "module.base-eks.aws_iam_role.base-node"
          ]
        }
      ]
    },
    {
      "module": "module.base-eks",
      "mode": "managed",
      "type": "aws_iam_role_policy_attachment",
      "name": "node-AmazonEKS_CNI_Policy",
      "provider": "provider[\"registry.terraform.io/hashicorp/aws\"]",
      "instances": [
        {
          "schema_version": 0,
          "attributes": {
            "id": "base-cluster-role-node-20241022143703568200000002",
            "policy_arn": "arn:aws:iam::aws:policy/AmazonEKS_CNI_Policy",
            "role": "base-cluster-role-node"
          },
          "sensitive_attributes": [],
          "private": "bnVsbA==",
          "dependencies": [
            "module.base-eks.aws_iam_role.base-node"
          ]
        }
      ]
    },
    {
      "module": "module.base-eks",
      "mode": "managed",
      "type": "aws_security_group",
      "name": "base-sg",
      "provider": "provider[\"registry.terraform.io/hashicorp/aws\"]",
      "instances": [
        {
          "schema_version": 1,
          "attributes": {
            "arn": "arn:aws:ec2:us-east-1:084375584745:security-group/sg-0c5528b4a18d5ddd9",
            "description": "Managed by Terraform",
            "egress": [
              {
                "cidr_blocks": [
                  "0.0.0.0/0"
                ],
                "description": "",
                "from_port": 0,
                "ipv6_cidr_blocks": [],
                "prefix_list_ids": [],
                "protocol": "-1",
                "security_groups": [],
                "self": false,
                "to_port": 0
              }
            ],
            "id": "sg-0c5528b4a18d5ddd9",
            "ingress": [],
            "name": "terraform-20241022143704922700000006",
            "name_prefix": "terraform-",
            "owner_id": "084375584745",
            "revoke_rules_on_delete": false,
            "tags": {
              "Name": "base-sg"
            },
            "tags_all": {
              "Name": "base-sg"
            },
            "timeouts": null,
            "vpc_id": "vpc-053ccd31d7784b207"
          },
          "sensitive_attributes": [],
          "private": "eyJlMmJmYjczMC1lY2FhLTExZTYtOGY4OC0zNDM2M2JjN2M0YzAiOnsiY3JlYXRlIjo2MDAwMDAwMDAwMDAsImRlbGV0ZSI6OTAwMDAwMDAwMDAwfSwic2NoZW1hX3ZlcnNpb24iOiIxIn0=",
          "dependencies": [
            "module.base-vpc.aws_vpc.base-vpc"
          ]
        }
      ]
    },
    {
      "module": "module.base-eks",
      "mode": "managed",
      "type": "local_file",
      "name": "kubeconfig",
      "provider": "provider[\"registry.terraform.io/hashicorp/local\"]",
      "instances": [
        {
          "schema_version": 0,
          "attributes": {
            "content": "apiVersion: v1\nclusters:\n- cluster:\n    server: https://2B16A5F47551FE7FA795EFD3D48446DB.yl4.us-east-1.eks.amazonaws.com\n    certificate-authority-data: LS0tLS1CRUdJTiBDRVJUSUZJQ0FURS0tLS0tCk1JSURCVENDQWUyZ0F3SUJBZ0lJSGhBN21TZmNGNWN3RFFZSktvWklodmNOQVFFTEJRQXdGVEVUTUJFR0ExVUUKQXhNS2EzVmlaWEp1WlhSbGN6QWVGdzB5TkRFd01qSXhORE0zTlRCYUZ3MHpOREV3TWpBeE5EUXlOVEJhTUJVeApFekFSQmdOVkJBTVRDbXQxWW1WeWJtVjBaWE13Z2dFaU1BMEdDU3FHU0liM0RRRUJBUVVBQTRJQkR3QXdnZ0VLCkFvSUJBUUNvUXN5c0R4UmlMMjlhRmV5M0tNaHViNGNWbnN0enEvbzJ4TElsa1lJb3l3WEsrcGFBbG1NN3NFT1kKeG1ZZ0d2anVCR01tMFBQWjBaME5XZnB4TjJrTXNDMXZTZnI5c0dGcmJCTUxZeEwrdXZsOXlXSG4wbkQzS3dvQgpZZWJudmF1VzZLZDhzSDVhTU9FMkl1QndmQmJPT2hCKzFabUpFUXQ5aVd0aUM2bEFualFxOERhQTBHMUMzNWlhCkZYazBWMUQzVmdOeHVqQjBrdGtSUk4yaGFDOEpJb0R1WHFRMmU2YXJkbm9QMUdkeXJLaEtSWFJZSG5pWTZXMmEKODdMMFNWMXNEQzVKRkYwM3B1K0MrT3N5dU4waXZSNTJTTW1zYldsOU9ORE5mTWRJV1lRbXFodXZRWDU5a3RsQgovZmRSdFBmUXcycXowMzBqS3Nta093ZUY2TVAvQWdNQkFBR2pXVEJYTUE0R0ExVWREd0VCL3dRRUF3SUNwREFQCkJnTlZIUk1CQWY4RUJUQURBUUgvTUIwR0ExVWREZ1FXQkJTb0thTmROa2QxcHhuY3dwTmFRR1VpTDZOb2xEQVYKQmdOVkhSRUVEakFNZ2dwcmRXSmxjbTVsZEdWek1BMEdDU3FHU0liM0RRRUJDd1VBQTRJQkFRQll4MGQ3Q2p0cwpuZzJoZnZyNjBLZzMxYjlDNG9uRjR3Tkl1T0RZRllDOG1xSlVRWjJtVDlYbDNxK2VMdXZjb0xqSWVoaFFrenB5Ci9uWW9kSWF4SmdFRlVJcFp4NGM3WnhHQTdub2JFTVB6N3B6OVljZjRSTzBBV2RQQXdTZ2l1cHhwYk5rek0wUWQKbnA2QTU5YVlUVDZBc1hsbEtJaEdFNTFJWklRc0I5eTU5YVBjUjc4d2xlandaWE1zbmQxMWZ0UUlPNVJYR054eAp4MEwzR29GWXI1cXMzK29qdk5wNEpvOGJkZVlWUFBHVTVkcHpSMm5NV3RqcGdwbUNVcUxya0NEcGZjVkcraC9vCkV6cDB1RkdVYVV5YzdEV0dqcEkvdm9yRmdJWUpyMDBnTWg3OUhXWnBsUm5OV1p1YThzajBiTldpQ0dnN3lqYU4KZmxZVytGZ0dVY2I5Ci0tLS0tRU5EIENFUlRJRklDQVRFLS0tLS0K\n  name: kubernetes\ncontexts:\n- context:\n    cluster: kubernetes\n    user: \"base-cluster\"\n  name: \"base-cluster\"\ncurrent-context: \"base-cluster\"\nkind: Config\npreferences: {}\nusers:\n- name: \"base-cluster\"\n  user:\n    exec:\n      apiVersion: client.authentication.k8s.io/v1\n      command: aws-iam-authenticator\n      args:\n        - \"token\"\n        - \"-i\"\n        - \"base-cluster\"\n      interactiveMode: Never\n",
            "content_base64": null,
            "content_base64sha256": "UoZjmVqVlP5/eQay5dwg6i/nBRKPUdj2UECUmB61XWo=",
            "content_base64sha512": "lJaeV2pfVyyEHY0ErjkRQPlDqTxCnk5KCOLko9qbqBk1bWivqst44BI4CMnhzSd1Yd17APSZwN4+pcS2y3x8Uw==",
            "content_md5": "3cf3107c69743366dae02665451c2479",
            "content_sha1": "92612123ca973d318471403f67096e3437e18221",
            "content_sha256": "528663995a9594fe7f7906b2e5dc20ea2fe705128f51d8f6504094981eb55d6a",
            "content_sha512": "94969e576a5f572c841d8d04ae391140f943a93c429e4e4a08e2e4a3da9ba819356d68afaacb78e0123808c9e1cd277561dd7b00f499c0de3ea5c4b6cb7c7c53",
            "directory_permission": "0777",
            "file_permission": "0777",
            "filename": "kubeconfig",
            "id": "92612123ca973d318471403f67096e3437e18221",
            "sensitive_content": null,
            "source": null
          },
          "sensitive_attributes": [
            [
              {
                "type": "get_attr",
                "value": "sensitive_content"
              }
            ]
          ],
          "dependencies": [
            "module.base-eks.aws_cloudwatch_log_group.base-log",
            "module.base-eks.aws_eks_cluster.base-cluster",
            "module.base-eks.aws_iam_role.base-cluster",
            "module.base-eks.aws_iam_role_policy_attachment.cluster-AmazonEKSClusterPolicy",
            "module.base-eks.aws_iam_role_policy_attachment.cluster-AmazonEKSVPCResourceController",
            "module.base-eks.aws_security_group.base-sg",
            "module.base-vpc.aws_subnet.base-subnets",
            "module.base-vpc.aws_vpc.base-vpc",
            "module.base-vpc.data.aws_availability_zones.available"
          ]
        }
      ]
    },
    {
      "module": "module.base-vpc",
      "mode": "data",
      "type": "aws_availability_zones",
      "name": "available",
      "provider": "provider[\"registry.terraform.io/hashicorp/aws\"]",
      "instances": [
        {
          "schema_version": 0,
          "attributes": {
            "all_availability_zones": null,
            "exclude_names": null,
            "exclude_zone_ids": null,
            "filter": null,
            "group_names": [
              "us-east-1"
            ],
            "id": "us-east-1",
            "names": [
              "us-east-1a",
              "us-east-1b",
              "us-east-1c",
              "us-east-1d",
              "us-east-1e",
              "us-east-1f"
            ],
            "state": null,
            "timeouts": null,
            "zone_ids": [
              "use1-az1",
              "use1-az2",
              "use1-az4",
              "use1-az6",
              "use1-az3",
              "use1-az5"
            ]
          },
          "sensitive_attributes": []
        }
      ]
    },
    {
      "module": "module.base-vpc",
      "mode": "managed",
      "type": "aws_internet_gateway",
      "name": "base-igw",
      "provider": "provider[\"registry.terraform.io/hashicorp/aws\"]",
      "instances": [
        {
          "schema_version": 0,
          "attributes": {
            "arn": "arn:aws:ec2:us-east-1:084375584745:internet-gateway/igw-028dd22265cdfc466",
            "id": "igw-028dd22265cdfc466",
            "owner_id": "084375584745",
            "tags": {
              "Name": "base-igw"
            },
            "tags_all": {
              "Name": "base-igw"
            },
            "timeouts": null,
            "vpc_id": "vpc-053ccd31d7784b207"
          },
          "sensitive_attributes": [],
          "private": "eyJlMmJmYjczMC1lY2FhLTExZTYtOGY4OC0zNDM2M2JjN2M0YzAiOnsiY3JlYXRlIjoxMjAwMDAwMDAwMDAwLCJkZWxldGUiOjEyMDAwMDAwMDAwMDAsInVwZGF0ZSI6MTIwMDAwMDAwMDAwMH19",
          "dependencies": [
            "module.base-vpc.aws_vpc.base-vpc"
          ]
        }
      ]
    },
    {
      "module": "module.base-vpc",
      "mode": "managed",
      "type": "aws_route_table",
      "name": "base-rtb",
      "provider": "provider[\"registry.terraform.io/hashicorp/aws\"]",
      "instances": [
        {
          "schema_version": 0,
          "attributes": {
            "arn": "arn:aws:ec2:us-east-1:084375584745:route-table/rtb-045c862c236c18f64",
            "id": "rtb-045c862c236c18f64",
            "owner_id": "084375584745",
            "propagating_vgws": [],
            "route": [
              {
                "carrier_gateway_id": "",
                "cidr_block": "0.0.0.0/0",
                "core_network_arn": "",
                "destination_prefix_list_id": "",
                "egress_only_gateway_id": "",
                "gateway_id": "igw-028dd22265cdfc466",
                "ipv6_cidr_block": "",
                "local_gateway_id": "",
                "nat_gateway_id": "",
                "network_interface_id": "",
                "transit_gateway_id": "",
                "vpc_endpoint_id": "",
                "vpc_peering_connection_id": ""
              }
            ],
            "tags": {
              "Name": "base-rtb"
            },
            "tags_all": {
              "Name": "base-rtb"
            },
            "timeouts": null,
            "vpc_id": "vpc-053ccd31d7784b207"
          },
          "sensitive_attributes": [],
          "private": "eyJlMmJmYjczMC1lY2FhLTExZTYtOGY4OC0zNDM2M2JjN2M0YzAiOnsiY3JlYXRlIjozMDAwMDAwMDAwMDAsImRlbGV0ZSI6MzAwMDAwMDAwMDAwLCJ1cGRhdGUiOjEyMDAwMDAwMDAwMH19",
          "dependencies": [
            "module.base-vpc.aws_internet_gateway.base-igw",
            "module.base-vpc.aws_vpc.base-vpc"
          ]
        }
      ]
    },
    {
      "module": "module.base-vpc",
      "mode": "managed",
      "type": "aws_route_table_association",
      "name": "base-rtb-association",
      "provider": "provider[\"registry.terraform.io/hashicorp/aws\"]",
      "instances": [
        {
          "index_key": 0,
          "schema_version": 0,
          "attributes": {
            "gateway_id": "",
            "id": "rtbassoc-06d0ac684d761d754",
            "route_table_id": "rtb-045c862c236c18f64",
            "subnet_id": "subnet-0bee5339899514f63",
            "timeouts": null
          },
          "sensitive_attributes": [],
          "private": "eyJlMmJmYjczMC1lY2FhLTExZTYtOGY4OC0zNDM2M2JjN2M0YzAiOnsiY3JlYXRlIjozMDAwMDAwMDAwMDAsImRlbGV0ZSI6MzAwMDAwMDAwMDAwLCJ1cGRhdGUiOjEyMDAwMDAwMDAwMH19",
          "dependencies": [
            "module.base-vpc.aws_internet_gateway.base-igw",
            "module.base-vpc.aws_route_table.base-rtb",
            "module.base-vpc.aws_subnet.base-subnets",
            "module.base-vpc.aws_vpc.base-vpc",
            "module.base-vpc.data.aws_availability_zones.available"
          ]
        },
        {
          "index_key": 1,
          "schema_version": 0,
          "attributes": {
            "gateway_id": "",
            "id": "rtbassoc-06c1a459b67bed986",
            "route_table_id": "rtb-045c862c236c18f64",
            "subnet_id": "subnet-0d868d9ee0a16d858",
            "timeouts": null
          },
          "sensitive_attributes": [],
          "private": "eyJlMmJmYjczMC1lY2FhLTExZTYtOGY4OC0zNDM2M2JjN2M0YzAiOnsiY3JlYXRlIjozMDAwMDAwMDAwMDAsImRlbGV0ZSI6MzAwMDAwMDAwMDAwLCJ1cGRhdGUiOjEyMDAwMDAwMDAwMH19",
          "dependencies": [
            "module.base-vpc.aws_internet_gateway.base-igw",
            "module.base-vpc.aws_route_table.base-rtb",
            "module.base-vpc.aws_subnet.base-subnets",
            "module.base-vpc.aws_vpc.base-vpc",
            "module.base-vpc.data.aws_availability_zones.available"
          ]
        }
      ]
    },
    {
      "module": "module.base-vpc",
      "mode": "managed",
      "type": "aws_subnet",
      "name": "base-subnets",
      "provider": "provider[\"registry.terraform.io/hashicorp/aws\"]",
      "instances": [
        {
          "index_key": 0,
          "schema_version": 1,
          "attributes": {
            "arn": "arn:aws:ec2:us-east-1:084375584745:subnet/subnet-0bee5339899514f63",
            "assign_ipv6_address_on_creation": false,
            "availability_zone": "us-east-1a",
            "availability_zone_id": "use1-az1",
            "cidr_block": "10.0.0.0/24",
            "customer_owned_ipv4_pool": "",
            "enable_dns64": false,
            "enable_lni_at_device_index": 0,
            "enable_resource_name_dns_a_record_on_launch": false,
            "enable_resource_name_dns_aaaa_record_on_launch": false,
            "id": "subnet-0bee5339899514f63",
            "ipv6_cidr_block": "",
            "ipv6_cidr_block_association_id": "",
            "ipv6_native": false,
            "map_customer_owned_ip_on_launch": false,
            "map_public_ip_on_launch": true,
            "outpost_arn": "",
            "owner_id": "084375584745",
            "private_dns_hostname_type_on_launch": "ip-name",
            "tags": {
              "Name": "base-subnet-0"
            },
            "tags_all": {
              "Name": "base-subnet-0"
            },
            "timeouts": null,
            "vpc_id": "vpc-053ccd31d7784b207"
          },
          "sensitive_attributes": [],
          "private": "eyJlMmJmYjczMC1lY2FhLTExZTYtOGY4OC0zNDM2M2JjN2M0YzAiOnsiY3JlYXRlIjo2MDAwMDAwMDAwMDAsImRlbGV0ZSI6MTIwMDAwMDAwMDAwMH0sInNjaGVtYV92ZXJzaW9uIjoiMSJ9",
          "dependencies": [
            "module.base-vpc.aws_vpc.base-vpc",
            "module.base-vpc.data.aws_availability_zones.available"
          ]
        },
        {
          "index_key": 1,
          "schema_version": 1,
          "attributes": {
            "arn": "arn:aws:ec2:us-east-1:084375584745:subnet/subnet-0d868d9ee0a16d858",
            "assign_ipv6_address_on_creation": false,
            "availability_zone": "us-east-1b",
            "availability_zone_id": "use1-az2",
            "cidr_block": "10.0.1.0/24",
            "customer_owned_ipv4_pool": "",
            "enable_dns64": false,
            "enable_lni_at_device_index": 0,
            "enable_resource_name_dns_a_record_on_launch": false,
            "enable_resource_name_dns_aaaa_record_on_launch": false,
            "id": "subnet-0d868d9ee0a16d858",
            "ipv6_cidr_block": "",
            "ipv6_cidr_block_association_id": "",
            "ipv6_native": false,
            "map_customer_owned_ip_on_launch": false,
            "map_public_ip_on_launch": true,
            "outpost_arn": "",
            "owner_id": "084375584745",
            "private_dns_hostname_type_on_launch": "ip-name",
            "tags": {
              "Name": "base-subnet-1"
            },
            "tags_all": {
              "Name": "base-subnet-1"
            },
            "timeouts": null,
            "vpc_id": "vpc-053ccd31d7784b207"
          },
          "sensitive_attributes": [],
          "private": "eyJlMmJmYjczMC1lY2FhLTExZTYtOGY4OC0zNDM2M2JjN2M0YzAiOnsiY3JlYXRlIjo2MDAwMDAwMDAwMDAsImRlbGV0ZSI6MTIwMDAwMDAwMDAwMH0sInNjaGVtYV92ZXJzaW9uIjoiMSJ9",
          "dependencies": [
            "module.base-vpc.aws_vpc.base-vpc",
            "module.base-vpc.data.aws_availability_zones.available"
          ]
        }
      ]
    },
    {
      "module": "module.base-vpc",
      "mode": "managed",
      "type": "aws_vpc",
      "name": "base-vpc",
      "provider": "provider[\"registry.terraform.io/hashicorp/aws\"]",
      "instances": [
        {
          "schema_version": 1,
          "attributes": {
            "arn": "arn:aws:ec2:us-east-1:084375584745:vpc/vpc-053ccd31d7784b207",
            "assign_generated_ipv6_cidr_block": false,
            "cidr_block": "10.0.0.0/16",
            "default_network_acl_id": "acl-03dcedb85059bf8a6",
            "default_route_table_id": "rtb-0807790a9ceebcc16",
            "default_security_group_id": "sg-0a6f380176bc0a4aa",
            "dhcp_options_id": "dopt-08665b0a7d3aecf9f",
            "enable_dns_hostnames": false,
            "enable_dns_support": true,
            "enable_network_address_usage_metrics": false,
            "id": "vpc-053ccd31d7784b207",
            "instance_tenancy": "default",
            "ipv4_ipam_pool_id": null,
            "ipv4_netmask_length": null,
            "ipv6_association_id": "",
            "ipv6_cidr_block": "",
            "ipv6_cidr_block_network_border_group": "",
            "ipv6_ipam_pool_id": "",
            "ipv6_netmask_length": 0,
            "main_route_table_id": "rtb-0807790a9ceebcc16",
            "owner_id": "084375584745",
            "tags": {
              "Name": "base-tag-vpc"
            },
            "tags_all": {
              "Name": "base-tag-vpc"
            }
          },
          "sensitive_attributes": [],
          "private": "eyJzY2hlbWFfdmVyc2lvbiI6IjEifQ=="
        }
      ]
    }
  ],
  "check_results": null
}
