{
  "version": 4,
  "terraform_version": "1.9.8",
  "serial": 56,
  "lineage": "72896a61-0296-54b8-7686-b5b8d3c6ed07",
  "outputs": {},
  "resources": [
    {
      "mode": "data",
      "type": "aws_availability_zones",
      "name": "available",
      "provider": "provider[\"registry.terraform.io/hashicorp/aws\"]",
      "instances": [
        {
          "schema_version": 0,
          "attributes": {
            "all_availability_zones": null,
            "exclude_names": null,
            "exclude_zone_ids": null,
            "filter": null,
            "group_names": [
              "us-east-1"
            ],
            "id": "us-east-1",
            "names": [
              "us-east-1a",
              "us-east-1b",
              "us-east-1c",
              "us-east-1d",
              "us-east-1e",
              "us-east-1f"
            ],
            "state": null,
            "timeouts": null,
            "zone_ids": [
              "use1-az1",
              "use1-az2",
              "use1-az4",
              "use1-az6",
              "use1-az3",
              "use1-az5"
            ]
          },
          "sensitive_attributes": []
        }
      ]
    },
    {
      "mode": "managed",
      "type": "aws_cloudwatch_log_group",
      "name": "base-log",
      "provider": "provider[\"registry.terraform.io/hashicorp/aws\"]",
      "instances": [
        {
          "schema_version": 0,
          "attributes": {
            "arn": "arn:aws:logs:us-east-1:084375584745:log-group:/aws/eks-terraform-course/base-cluster/cluster",
            "id": "/aws/eks-terraform-course/base-cluster/cluster",
            "kms_key_id": "",
            "log_group_class": "STANDARD",
            "name": "/aws/eks-terraform-course/base-cluster/cluster",
            "name_prefix": "",
            "retention_in_days": 1,
            "skip_destroy": false,
            "tags": {},
            "tags_all": {}
          },
          "sensitive_attributes": [],
          "private": "bnVsbA=="
        }
      ]
    },
    {
      "mode": "managed",
      "type": "aws_eks_cluster",
      "name": "base-cluster",
      "provider": "provider[\"registry.terraform.io/hashicorp/aws\"]",
      "instances": [
        {
          "schema_version": 1,
          "attributes": {
            "access_config": [
              {
                "authentication_mode": "CONFIG_MAP",
                "bootstrap_cluster_creator_admin_permissions": true
              }
            ],
            "arn": "arn:aws:eks:us-east-1:084375584745:cluster/base-cluster",
            "bootstrap_self_managed_addons": true,
            "certificate_authority": [
              {
                "data": "LS0tLS1CRUdJTiBDRVJUSUZJQ0FURS0tLS0tCk1JSURCVENDQWUyZ0F3SUJBZ0lJQjZrWnVHdXpIWW93RFFZSktvWklodmNOQVFFTEJRQXdGVEVUTUJFR0ExVUUKQXhNS2EzVmlaWEp1WlhSbGN6QWVGdzB5TkRFd01qRXhOekV3TXpaYUZ3MHpOREV3TVRreE56RTFNelphTUJVeApFekFSQmdOVkJBTVRDbXQxWW1WeWJtVjBaWE13Z2dFaU1BMEdDU3FHU0liM0RRRUJBUVVBQTRJQkR3QXdnZ0VLCkFvSUJBUUR2NnAwa1hvTm1zVnk0Rzg3aGExcWl3Rit2U2lIUmRsbnR1VHg0WXRqZy9PRmZNM2Y2Qk1BdWRONEUKL2laNWV2OVNXa1k3aXhvRlhQRjN0b2tubEFEejAzOG1BRFFmaWp6ckpxcDFiemNtRHpMV3FjckQvaVFFb2dGaApNMVVkanhVaWM0czgxdm01a3BnMFR5RTBtVXFjMndKSloxS2cyVnJqcVd4RitTM3ZyV1pvT0NUZUhTMllyRStyClhPeFc3bC9XZm5udU54WFl1bHhsVGZIUXM2amdJMGFZV3lwMUlpNUYvYlMraVdFemNIblg1KzlPN1ovM0VuVHAKcUgybFVDR2tNTndEeWRnRTBqOXlvTEZWZjl1NFp5RThtNFVINGZUVG1sSFhQbVVSbjRsa2JrUlNtWUZQSmRBNQp6UnFjQ3hQczN6M01VQTN5WjJHTXZSMlRhRDQzQWdNQkFBR2pXVEJYTUE0R0ExVWREd0VCL3dRRUF3SUNwREFQCkJnTlZIUk1CQWY4RUJUQURBUUgvTUIwR0ExVWREZ1FXQkJTVDRDb3hkeDRaQjBvZFZHMGV3WmRWei9jWDhUQVYKQmdOVkhSRUVEakFNZ2dwcmRXSmxjbTVsZEdWek1BMEdDU3FHU0liM0RRRUJDd1VBQTRJQkFRQnpOQmFNa1h4SgpTQU9lbnFVcEFZd1NpY1UxVTNacGVwWUVhVWlhckxJRENWUDJNcXpRcnBRVThWTFhoU24vNVpVeFh6MGVnWEFxClo3TEpNNmxpZkZFYkl6U0JkTnFCYzlVWmVVWGkzOGoyZUxOL0ZIZ3NiMVQ3b2dQV05kWXR5aXNxdXBYNEZoSGEKcmxmd2ZicDNCaGhKeVZpL0JWMlM2dE4xNG5FKzZ6Nmtab2ZBb3FocU9DNWNqZXhKSGhEdElNazRtcllxMVFSbAp4Q2dUVUo3RkFDQkkrdzZIZDhPSXZudjlvMlpoU29SOW5zNHZuQ3FFQWRkNURubkVqYjhITDgxMkFqNnRmZkE2CjZrc1VrMmpEc01qKzFRVWdoMS9RNCs2clg1ZHBTSk9TN1pYNGpRY0hJc2ZLQ1pxeHg2K1Z6MCtTNjFzNDNDb0cKWXBnRnRWZFlrKzczCi0tLS0tRU5EIENFUlRJRklDQVRFLS0tLS0K"
              }
            ],
            "cluster_id": null,
            "created_at": "2024-10-21T17:10:04Z",
            "enabled_cluster_log_types": [
              "api",
              "audit"
            ],
            "encryption_config": [],
            "endpoint": "https://F5C8634A3F2201459C67FDE2C5E78241.gr7.us-east-1.eks.amazonaws.com",
            "id": "base-cluster",
            "identity": [
              {
                "oidc": [
                  {
                    "issuer": "https://oidc.eks.us-east-1.amazonaws.com/id/F5C8634A3F2201459C67FDE2C5E78241"
                  }
                ]
              }
            ],
            "kubernetes_network_config": [
              {
                "ip_family": "ipv4",
                "service_ipv4_cidr": "172.20.0.0/16",
                "service_ipv6_cidr": ""
              }
            ],
            "name": "base-cluster",
            "outpost_config": [],
            "platform_version": "eks.6",
            "role_arn": "arn:aws:iam::084375584745:role/base-cluster-role",
            "status": "ACTIVE",
            "tags": {},
            "tags_all": {},
            "timeouts": null,
            "upgrade_policy": [
              {
                "support_type": "EXTENDED"
              }
            ],
            "version": "1.31",
            "vpc_config": [
              {
                "cluster_security_group_id": "sg-06dd5a0ef86928aa7",
                "endpoint_private_access": false,
                "endpoint_public_access": true,
                "public_access_cidrs": [
                  "0.0.0.0/0"
                ],
                "security_group_ids": [
                  "sg-022ce34e2867148f4"
                ],
                "subnet_ids": [
                  "subnet-00fe2bc797dfea7af",
                  "subnet-056d99555e5051dfa"
                ],
                "vpc_id": "vpc-0a408a3c9c2e828a2"
              }
            ]
          },
          "sensitive_attributes": [],
          "private": "eyJlMmJmYjczMC1lY2FhLTExZTYtOGY4OC0zNDM2M2JjN2M0YzAiOnsiY3JlYXRlIjoxODAwMDAwMDAwMDAwLCJkZWxldGUiOjkwMDAwMDAwMDAwMCwidXBkYXRlIjozNjAwMDAwMDAwMDAwfSwic2NoZW1hX3ZlcnNpb24iOiIxIn0=",
          "dependencies": [
            "aws_cloudwatch_log_group.base-log",
            "aws_iam_role.base-cluster",
            "aws_iam_role_policy_attachment.cluster-AmazonEKSClusterPolicy",
            "aws_iam_role_policy_attachment.cluster-AmazonEKSVPCResourceController",
            "aws_security_group.base-sg",
            "aws_subnet.base-subnets",
            "aws_vpc.base-vpc",
            "data.aws_availability_zones.available"
          ]
        }
      ]
    },
    {
      "mode": "managed",
      "type": "aws_eks_node_group",
      "name": "base-node-1",
      "provider": "provider[\"registry.terraform.io/hashicorp/aws\"]",
      "instances": [
        {
          "schema_version": 0,
          "attributes": {
            "ami_type": "AL2023_x86_64_STANDARD",
            "arn": "arn:aws:eks:us-east-1:084375584745:nodegroup/base-cluster/node-1/54c9582f-a535-2f7e-dc93-b28351770428",
            "capacity_type": "ON_DEMAND",
            "cluster_name": "base-cluster",
            "disk_size": 20,
            "force_update_version": null,
            "id": "base-cluster:node-1",
            "instance_types": [
              "t3.micro"
            ],
            "labels": {},
            "launch_template": [],
            "node_group_name": "node-1",
            "node_group_name_prefix": "",
            "node_role_arn": "arn:aws:iam::084375584745:role/base-cluster-role-node",
            "release_version": "1.31.0-20241011",
            "remote_access": [],
            "resources": [
              {
                "autoscaling_groups": [
                  {
                    "name": "eks-node-1-54c9582f-a535-2f7e-dc93-b28351770428"
                  }
                ],
                "remote_access_security_group_id": ""
              }
            ],
            "scaling_config": [
              {
                "desired_size": 2,
                "max_size": 4,
                "min_size": 2
              }
            ],
            "status": "ACTIVE",
            "subnet_ids": [
              "subnet-00fe2bc797dfea7af",
              "subnet-056d99555e5051dfa"
            ],
            "tags": {},
            "tags_all": {},
            "taint": [],
            "timeouts": null,
            "update_config": [
              {
                "max_unavailable": 1,
                "max_unavailable_percentage": 0
              }
            ],
            "version": "1.31"
          },
          "sensitive_attributes": [],
          "private": "eyJlMmJmYjczMC1lY2FhLTExZTYtOGY4OC0zNDM2M2JjN2M0YzAiOnsiY3JlYXRlIjozNjAwMDAwMDAwMDAwLCJkZWxldGUiOjM2MDAwMDAwMDAwMDAsInVwZGF0ZSI6MzYwMDAwMDAwMDAwMH19",
          "dependencies": [
            "aws_cloudwatch_log_group.base-log",
            "aws_eks_cluster.base-cluster",
            "aws_iam_role.base-cluster",
            "aws_iam_role.base-node",
            "aws_iam_role_policy_attachment.cluster-AmazonEKSClusterPolicy",
            "aws_iam_role_policy_attachment.cluster-AmazonEKSVPCResourceController",
            "aws_iam_role_policy_attachment.node-AmazonEC2ContainerRegistryReadOnly",
            "aws_iam_role_policy_attachment.node-AmazonEKSWorkerNodePolicy",
            "aws_iam_role_policy_attachment.node-AmazonEKS_CNI_Policy",
            "aws_security_group.base-sg",
            "aws_subnet.base-subnets",
            "aws_vpc.base-vpc",
            "data.aws_availability_zones.available"
          ]
        }
      ]
    },
    {
      "mode": "managed",
      "type": "aws_iam_role",
      "name": "base-cluster",
      "provider": "provider[\"registry.terraform.io/hashicorp/aws\"]",
      "instances": [
        {
          "schema_version": 0,
          "attributes": {
            "arn": "arn:aws:iam::084375584745:role/base-cluster-role",
            "assume_role_policy": "{\"Statement\":[{\"Action\":\"sts:AssumeRole\",\"Effect\":\"Allow\",\"Principal\":{\"Service\":\"eks.amazonaws.com\"}}],\"Version\":\"2012-10-17\"}",
            "create_date": "2024-10-21T14:35:55Z",
            "description": "",
            "force_detach_policies": false,
            "id": "base-cluster-role",
            "inline_policy": [],
            "managed_policy_arns": [
              "arn:aws:iam::aws:policy/AmazonEKSClusterPolicy",
              "arn:aws:iam::aws:policy/AmazonEKSVPCResourceController"
            ],
            "max_session_duration": 3600,
            "name": "base-cluster-role",
            "name_prefix": "",
            "path": "/",
            "permissions_boundary": "",
            "tags": {},
            "tags_all": {},
            "unique_id": "AROARHJJNH7UR7GTYYF2V"
          },
          "sensitive_attributes": [],
          "private": "bnVsbA=="
        }
      ]
    },
    {
      "mode": "managed",
      "type": "aws_iam_role",
      "name": "base-node",
      "provider": "provider[\"registry.terraform.io/hashicorp/aws\"]",
      "instances": [
        {
          "schema_version": 0,
          "attributes": {
            "arn": "arn:aws:iam::084375584745:role/base-cluster-role-node",
            "assume_role_policy": "{\"Statement\":[{\"Action\":\"sts:AssumeRole\",\"Effect\":\"Allow\",\"Principal\":{\"Service\":\"ec2.amazonaws.com\"}}],\"Version\":\"2012-10-17\"}",
            "create_date": "2024-10-21T17:47:56Z",
            "description": "",
            "force_detach_policies": false,
            "id": "base-cluster-role-node",
            "inline_policy": [],
            "managed_policy_arns": [
              "arn:aws:iam::aws:policy/AmazonEC2ContainerRegistryReadOnly",
              "arn:aws:iam::aws:policy/AmazonEKSWorkerNodePolicy",
              "arn:aws:iam::aws:policy/AmazonEKS_CNI_Policy"
            ],
            "max_session_duration": 3600,
            "name": "base-cluster-role-node",
            "name_prefix": "",
            "path": "/",
            "permissions_boundary": "",
            "tags": {},
            "tags_all": {},
            "unique_id": "AROARHJJNH7U55P7YA3XE"
          },
          "sensitive_attributes": [],
          "private": "bnVsbA=="
        }
      ]
    },
    {
      "mode": "managed",
      "type": "aws_iam_role_policy_attachment",
      "name": "cluster-AmazonEKSClusterPolicy",
      "provider": "provider[\"registry.terraform.io/hashicorp/aws\"]",
      "instances": [
        {
          "schema_version": 0,
          "attributes": {
            "id": "base-cluster-role-20241021144857924800000001",
            "policy_arn": "arn:aws:iam::aws:policy/AmazonEKSClusterPolicy",
            "role": "base-cluster-role"
          },
          "sensitive_attributes": [],
          "private": "bnVsbA==",
          "dependencies": [
            "aws_iam_role.base-cluster"
          ]
        }
      ]
    },
    {
      "mode": "managed",
      "type": "aws_iam_role_policy_attachment",
      "name": "cluster-AmazonEKSVPCResourceController",
      "provider": "provider[\"registry.terraform.io/hashicorp/aws\"]",
      "instances": [
        {
          "schema_version": 0,
          "attributes": {
            "id": "base-cluster-role-20241021144857981600000002",
            "policy_arn": "arn:aws:iam::aws:policy/AmazonEKSVPCResourceController",
            "role": "base-cluster-role"
          },
          "sensitive_attributes": [],
          "private": "bnVsbA==",
          "dependencies": [
            "aws_iam_role.base-cluster"
          ]
        }
      ]
    },
    {
      "mode": "managed",
      "type": "aws_iam_role_policy_attachment",
      "name": "node-AmazonEC2ContainerRegistryReadOnly",
      "provider": "provider[\"registry.terraform.io/hashicorp/aws\"]",
      "instances": [
        {
          "schema_version": 0,
          "attributes": {
            "id": "base-cluster-role-node-20241021183807272600000001",
            "policy_arn": "arn:aws:iam::aws:policy/AmazonEC2ContainerRegistryReadOnly",
            "role": "base-cluster-role-node"
          },
          "sensitive_attributes": [],
          "private": "bnVsbA==",
          "dependencies": [
            "aws_iam_role.base-node"
          ]
        }
      ]
    },
    {
      "mode": "managed",
      "type": "aws_iam_role_policy_attachment",
      "name": "node-AmazonEKSWorkerNodePolicy",
      "provider": "provider[\"registry.terraform.io/hashicorp/aws\"]",
      "instances": [
        {
          "schema_version": 0,
          "attributes": {
            "id": "base-cluster-role-node-20241021183807308900000002",
            "policy_arn": "arn:aws:iam::aws:policy/AmazonEKSWorkerNodePolicy",
            "role": "base-cluster-role-node"
          },
          "sensitive_attributes": [],
          "private": "bnVsbA==",
          "dependencies": [
            "aws_iam_role.base-node"
          ]
        }
      ]
    },
    {
      "mode": "managed",
      "type": "aws_iam_role_policy_attachment",
      "name": "node-AmazonEKS_CNI_Policy",
      "provider": "provider[\"registry.terraform.io/hashicorp/aws\"]",
      "instances": [
        {
          "schema_version": 0,
          "attributes": {
            "id": "base-cluster-role-node-20241021183807337100000003",
            "policy_arn": "arn:aws:iam::aws:policy/AmazonEKS_CNI_Policy",
            "role": "base-cluster-role-node"
          },
          "sensitive_attributes": [],
          "private": "bnVsbA==",
          "dependencies": [
            "aws_iam_role.base-node"
          ]
        }
      ]
    },
    {
      "mode": "managed",
      "type": "aws_internet_gateway",
      "name": "base-igw",
      "provider": "provider[\"registry.terraform.io/hashicorp/aws\"]",
      "instances": [
        {
          "schema_version": 0,
          "attributes": {
            "arn": "arn:aws:ec2:us-east-1:084375584745:internet-gateway/igw-04ae1c389a61f0280",
            "id": "igw-04ae1c389a61f0280",
            "owner_id": "084375584745",
            "tags": {
              "Name": "base-igw"
            },
            "tags_all": {
              "Name": "base-igw"
            },
            "timeouts": null,
            "vpc_id": "vpc-0a408a3c9c2e828a2"
          },
          "sensitive_attributes": [],
          "private": "eyJlMmJmYjczMC1lY2FhLTExZTYtOGY4OC0zNDM2M2JjN2M0YzAiOnsiY3JlYXRlIjoxMjAwMDAwMDAwMDAwLCJkZWxldGUiOjEyMDAwMDAwMDAwMDAsInVwZGF0ZSI6MTIwMDAwMDAwMDAwMH19",
          "dependencies": [
            "aws_vpc.base-vpc"
          ]
        }
      ]
    },
    {
      "mode": "managed",
      "type": "aws_route_table",
      "name": "base-rtb",
      "provider": "provider[\"registry.terraform.io/hashicorp/aws\"]",
      "instances": [
        {
          "schema_version": 0,
          "attributes": {
            "arn": "arn:aws:ec2:us-east-1:084375584745:route-table/rtb-072cf0e9fdb53b592",
            "id": "rtb-072cf0e9fdb53b592",
            "owner_id": "084375584745",
            "propagating_vgws": [],
            "route": [
              {
                "carrier_gateway_id": "",
                "cidr_block": "0.0.0.0/0",
                "core_network_arn": "",
                "destination_prefix_list_id": "",
                "egress_only_gateway_id": "",
                "gateway_id": "igw-04ae1c389a61f0280",
                "ipv6_cidr_block": "",
                "local_gateway_id": "",
                "nat_gateway_id": "",
                "network_interface_id": "",
                "transit_gateway_id": "",
                "vpc_endpoint_id": "",
                "vpc_peering_connection_id": ""
              }
            ],
            "tags": {
              "Name": "base-rtb"
            },
            "tags_all": {
              "Name": "base-rtb"
            },
            "timeouts": null,
            "vpc_id": "vpc-0a408a3c9c2e828a2"
          },
          "sensitive_attributes": [],
          "private": "eyJlMmJmYjczMC1lY2FhLTExZTYtOGY4OC0zNDM2M2JjN2M0YzAiOnsiY3JlYXRlIjozMDAwMDAwMDAwMDAsImRlbGV0ZSI6MzAwMDAwMDAwMDAwLCJ1cGRhdGUiOjEyMDAwMDAwMDAwMH19",
          "dependencies": [
            "aws_internet_gateway.base-igw",
            "aws_vpc.base-vpc"
          ]
        }
      ]
    },
    {
      "mode": "managed",
      "type": "aws_route_table_association",
      "name": "base-rtb-association",
      "provider": "provider[\"registry.terraform.io/hashicorp/aws\"]",
      "instances": [
        {
          "index_key": 0,
          "schema_version": 0,
          "attributes": {
            "gateway_id": "",
            "id": "rtbassoc-089fd4e29406a127d",
            "route_table_id": "rtb-072cf0e9fdb53b592",
            "subnet_id": "subnet-00fe2bc797dfea7af",
            "timeouts": null
          },
          "sensitive_attributes": [],
          "private": "eyJlMmJmYjczMC1lY2FhLTExZTYtOGY4OC0zNDM2M2JjN2M0YzAiOnsiY3JlYXRlIjozMDAwMDAwMDAwMDAsImRlbGV0ZSI6MzAwMDAwMDAwMDAwLCJ1cGRhdGUiOjEyMDAwMDAwMDAwMH19",
          "dependencies": [
            "aws_internet_gateway.base-igw",
            "aws_route_table.base-rtb",
            "aws_subnet.base-subnets",
            "aws_vpc.base-vpc",
            "data.aws_availability_zones.available"
          ]
        },
        {
          "index_key": 1,
          "schema_version": 0,
          "attributes": {
            "gateway_id": "",
            "id": "rtbassoc-062986c5ca1373cd3",
            "route_table_id": "rtb-072cf0e9fdb53b592",
            "subnet_id": "subnet-056d99555e5051dfa",
            "timeouts": null
          },
          "sensitive_attributes": [],
          "private": "eyJlMmJmYjczMC1lY2FhLTExZTYtOGY4OC0zNDM2M2JjN2M0YzAiOnsiY3JlYXRlIjozMDAwMDAwMDAwMDAsImRlbGV0ZSI6MzAwMDAwMDAwMDAwLCJ1cGRhdGUiOjEyMDAwMDAwMDAwMH19",
          "dependencies": [
            "aws_internet_gateway.base-igw",
            "aws_route_table.base-rtb",
            "aws_subnet.base-subnets",
            "aws_vpc.base-vpc",
            "data.aws_availability_zones.available"
          ]
        }
      ]
    },
    {
      "mode": "managed",
      "type": "aws_security_group",
      "name": "base-sg",
      "provider": "provider[\"registry.terraform.io/hashicorp/aws\"]",
      "instances": [
        {
          "schema_version": 1,
          "attributes": {
            "arn": "arn:aws:ec2:us-east-1:084375584745:security-group/sg-022ce34e2867148f4",
            "description": "Managed by Terraform",
            "egress": [
              {
                "cidr_blocks": [
                  "0.0.0.0/0"
                ],
                "description": "",
                "from_port": 0,
                "ipv6_cidr_blocks": [],
                "prefix_list_ids": [],
                "protocol": "-1",
                "security_groups": [],
                "self": false,
                "to_port": 0
              }
            ],
            "id": "sg-022ce34e2867148f4",
            "ingress": [],
            "name": "terraform-20241021140149515700000001",
            "name_prefix": "terraform-",
            "owner_id": "084375584745",
            "revoke_rules_on_delete": false,
            "tags": {
              "Name": "base-sg"
            },
            "tags_all": {
              "Name": "base-sg"
            },
            "timeouts": null,
            "vpc_id": "vpc-0a408a3c9c2e828a2"
          },
          "sensitive_attributes": [],
          "private": "eyJlMmJmYjczMC1lY2FhLTExZTYtOGY4OC0zNDM2M2JjN2M0YzAiOnsiY3JlYXRlIjo2MDAwMDAwMDAwMDAsImRlbGV0ZSI6OTAwMDAwMDAwMDAwfSwic2NoZW1hX3ZlcnNpb24iOiIxIn0=",
          "dependencies": [
            "aws_vpc.base-vpc"
          ]
        }
      ]
    },
    {
      "mode": "managed",
      "type": "aws_subnet",
      "name": "base-subnets",
      "provider": "provider[\"registry.terraform.io/hashicorp/aws\"]",
      "instances": [
        {
          "index_key": 0,
          "schema_version": 1,
          "attributes": {
            "arn": "arn:aws:ec2:us-east-1:084375584745:subnet/subnet-00fe2bc797dfea7af",
            "assign_ipv6_address_on_creation": false,
            "availability_zone": "us-east-1a",
            "availability_zone_id": "use1-az1",
            "cidr_block": "10.0.0.0/24",
            "customer_owned_ipv4_pool": "",
            "enable_dns64": false,
            "enable_lni_at_device_index": 0,
            "enable_resource_name_dns_a_record_on_launch": false,
            "enable_resource_name_dns_aaaa_record_on_launch": false,
            "id": "subnet-00fe2bc797dfea7af",
            "ipv6_cidr_block": "",
            "ipv6_cidr_block_association_id": "",
            "ipv6_native": false,
            "map_customer_owned_ip_on_launch": false,
            "map_public_ip_on_launch": true,
            "outpost_arn": "",
            "owner_id": "084375584745",
            "private_dns_hostname_type_on_launch": "ip-name",
            "tags": {
              "Name": "base-subnet-0"
            },
            "tags_all": {
              "Name": "base-subnet-0"
            },
            "timeouts": null,
            "vpc_id": "vpc-0a408a3c9c2e828a2"
          },
          "sensitive_attributes": [],
          "private": "eyJlMmJmYjczMC1lY2FhLTExZTYtOGY4OC0zNDM2M2JjN2M0YzAiOnsiY3JlYXRlIjo2MDAwMDAwMDAwMDAsImRlbGV0ZSI6MTIwMDAwMDAwMDAwMH0sInNjaGVtYV92ZXJzaW9uIjoiMSJ9",
          "dependencies": [
            "aws_vpc.base-vpc",
            "data.aws_availability_zones.available"
          ]
        },
        {
          "index_key": 1,
          "schema_version": 1,
          "attributes": {
            "arn": "arn:aws:ec2:us-east-1:084375584745:subnet/subnet-056d99555e5051dfa",
            "assign_ipv6_address_on_creation": false,
            "availability_zone": "us-east-1b",
            "availability_zone_id": "use1-az2",
            "cidr_block": "10.0.1.0/24",
            "customer_owned_ipv4_pool": "",
            "enable_dns64": false,
            "enable_lni_at_device_index": 0,
            "enable_resource_name_dns_a_record_on_launch": false,
            "enable_resource_name_dns_aaaa_record_on_launch": false,
            "id": "subnet-056d99555e5051dfa",
            "ipv6_cidr_block": "",
            "ipv6_cidr_block_association_id": "",
            "ipv6_native": false,
            "map_customer_owned_ip_on_launch": false,
            "map_public_ip_on_launch": true,
            "outpost_arn": "",
            "owner_id": "084375584745",
            "private_dns_hostname_type_on_launch": "ip-name",
            "tags": {
              "Name": "base-subnet-1"
            },
            "tags_all": {
              "Name": "base-subnet-1"
            },
            "timeouts": null,
            "vpc_id": "vpc-0a408a3c9c2e828a2"
          },
          "sensitive_attributes": [],
          "private": "eyJlMmJmYjczMC1lY2FhLTExZTYtOGY4OC0zNDM2M2JjN2M0YzAiOnsiY3JlYXRlIjo2MDAwMDAwMDAwMDAsImRlbGV0ZSI6MTIwMDAwMDAwMDAwMH0sInNjaGVtYV92ZXJzaW9uIjoiMSJ9",
          "dependencies": [
            "aws_vpc.base-vpc",
            "data.aws_availability_zones.available"
          ]
        }
      ]
    },
    {
      "mode": "managed",
      "type": "aws_vpc",
      "name": "base-vpc",
      "provider": "provider[\"registry.terraform.io/hashicorp/aws\"]",
      "instances": [
        {
          "schema_version": 1,
          "attributes": {
            "arn": "arn:aws:ec2:us-east-1:084375584745:vpc/vpc-0a408a3c9c2e828a2",
            "assign_generated_ipv6_cidr_block": false,
            "cidr_block": "10.0.0.0/16",
            "default_network_acl_id": "acl-03912f48a433e4d53",
            "default_route_table_id": "rtb-0defcf1046eed77f3",
            "default_security_group_id": "sg-09b53ddc0ffe4dc8f",
            "dhcp_options_id": "dopt-08665b0a7d3aecf9f",
            "enable_dns_hostnames": false,
            "enable_dns_support": true,
            "enable_network_address_usage_metrics": false,
            "id": "vpc-0a408a3c9c2e828a2",
            "instance_tenancy": "default",
            "ipv4_ipam_pool_id": null,
            "ipv4_netmask_length": null,
            "ipv6_association_id": "",
            "ipv6_cidr_block": "",
            "ipv6_cidr_block_network_border_group": "",
            "ipv6_ipam_pool_id": "",
            "ipv6_netmask_length": 0,
            "main_route_table_id": "rtb-0defcf1046eed77f3",
            "owner_id": "084375584745",
            "tags": {
              "Name": "base-tag-vpc"
            },
            "tags_all": {
              "Name": "base-tag-vpc"
            }
          },
          "sensitive_attributes": [],
          "private": "eyJzY2hlbWFfdmVyc2lvbiI6IjEifQ=="
        }
      ]
    },
    {
      "mode": "managed",
      "type": "local_file",
      "name": "kubeconfig",
      "provider": "provider[\"registry.terraform.io/hashicorp/local\"]",
      "instances": [
        {
          "schema_version": 0,
          "attributes": {
            "content": "apiVersion: v1\nclusters:\n- cluster:\n    server: https://F5C8634A3F2201459C67FDE2C5E78241.gr7.us-east-1.eks.amazonaws.com\n    certificate-authority-data: LS0tLS1CRUdJTiBDRVJUSUZJQ0FURS0tLS0tCk1JSURCVENDQWUyZ0F3SUJBZ0lJQjZrWnVHdXpIWW93RFFZSktvWklodmNOQVFFTEJRQXdGVEVUTUJFR0ExVUUKQXhNS2EzVmlaWEp1WlhSbGN6QWVGdzB5TkRFd01qRXhOekV3TXpaYUZ3MHpOREV3TVRreE56RTFNelphTUJVeApFekFSQmdOVkJBTVRDbXQxWW1WeWJtVjBaWE13Z2dFaU1BMEdDU3FHU0liM0RRRUJBUVVBQTRJQkR3QXdnZ0VLCkFvSUJBUUR2NnAwa1hvTm1zVnk0Rzg3aGExcWl3Rit2U2lIUmRsbnR1VHg0WXRqZy9PRmZNM2Y2Qk1BdWRONEUKL2laNWV2OVNXa1k3aXhvRlhQRjN0b2tubEFEejAzOG1BRFFmaWp6ckpxcDFiemNtRHpMV3FjckQvaVFFb2dGaApNMVVkanhVaWM0czgxdm01a3BnMFR5RTBtVXFjMndKSloxS2cyVnJqcVd4RitTM3ZyV1pvT0NUZUhTMllyRStyClhPeFc3bC9XZm5udU54WFl1bHhsVGZIUXM2amdJMGFZV3lwMUlpNUYvYlMraVdFemNIblg1KzlPN1ovM0VuVHAKcUgybFVDR2tNTndEeWRnRTBqOXlvTEZWZjl1NFp5RThtNFVINGZUVG1sSFhQbVVSbjRsa2JrUlNtWUZQSmRBNQp6UnFjQ3hQczN6M01VQTN5WjJHTXZSMlRhRDQzQWdNQkFBR2pXVEJYTUE0R0ExVWREd0VCL3dRRUF3SUNwREFQCkJnTlZIUk1CQWY4RUJUQURBUUgvTUIwR0ExVWREZ1FXQkJTVDRDb3hkeDRaQjBvZFZHMGV3WmRWei9jWDhUQVYKQmdOVkhSRUVEakFNZ2dwcmRXSmxjbTVsZEdWek1BMEdDU3FHU0liM0RRRUJDd1VBQTRJQkFRQnpOQmFNa1h4SgpTQU9lbnFVcEFZd1NpY1UxVTNacGVwWUVhVWlhckxJRENWUDJNcXpRcnBRVThWTFhoU24vNVpVeFh6MGVnWEFxClo3TEpNNmxpZkZFYkl6U0JkTnFCYzlVWmVVWGkzOGoyZUxOL0ZIZ3NiMVQ3b2dQV05kWXR5aXNxdXBYNEZoSGEKcmxmd2ZicDNCaGhKeVZpL0JWMlM2dE4xNG5FKzZ6Nmtab2ZBb3FocU9DNWNqZXhKSGhEdElNazRtcllxMVFSbAp4Q2dUVUo3RkFDQkkrdzZIZDhPSXZudjlvMlpoU29SOW5zNHZuQ3FFQWRkNURubkVqYjhITDgxMkFqNnRmZkE2CjZrc1VrMmpEc01qKzFRVWdoMS9RNCs2clg1ZHBTSk9TN1pYNGpRY0hJc2ZLQ1pxeHg2K1Z6MCtTNjFzNDNDb0cKWXBnRnRWZFlrKzczCi0tLS0tRU5EIENFUlRJRklDQVRFLS0tLS0K\n  name: kubernetes\ncontexts:\n- context:\n    cluster: kubernetes\n    user: \"base-cluster\"\n  name: \"base-cluster\"\ncurrent-context: \"base-cluster\"\nkind: Config\npreferences: {}\nusers:\n- name: \"base-cluster\"\n  user:\n    exec:\n      apiVersion: client.authentication.k8s.io/v1\n      command: aws-iam-authenticator\n      args:\n        - \"token\"\n        - \"-i\"\n        - \"base-cluster\"\n      interactiveMode: Never\n",
            "content_base64": null,
            "content_base64sha256": "bV1vJUjSO8RhQx2aqAJJs7S8C7jPMm8e+GyODZyCw14=",
            "content_base64sha512": "FbMBs6RqOiRsWZKSI6W8+7jNDbjFzJlGExawDW/F0ZHv+1SoLvilSHu4RzxiglVhqJ6Bm9pjRpx8ubzKss5Q2A==",
            "content_md5": "310a1220a44c04a26deae00f5445d24f",
            "content_sha1": "95317af3812b9139282e5171a09410f8e1b3fad0",
            "content_sha256": "6d5d6f2548d23bc461431d9aa80249b3b4bc0bb8cf326f1ef86c8e0d9c82c35e",
            "content_sha512": "15b301b3a46a3a246c59929223a5bcfbb8cd0db8c5cc99461316b00d6fc5d191effb54a82ef8a5487bb8473c62825561a89e819bda63469c7cb9bccab2ce50d8",
            "directory_permission": "0777",
            "file_permission": "0777",
            "filename": "kubeconfig",
            "id": "95317af3812b9139282e5171a09410f8e1b3fad0",
            "sensitive_content": null,
            "source": null
          },
          "sensitive_attributes": [
            [
              {
                "type": "get_attr",
                "value": "sensitive_content"
              }
            ]
          ],
          "dependencies": [
            "aws_cloudwatch_log_group.base-log",
            "aws_eks_cluster.base-cluster",
            "aws_iam_role.base-cluster",
            "aws_iam_role_policy_attachment.cluster-AmazonEKSClusterPolicy",
            "aws_iam_role_policy_attachment.cluster-AmazonEKSVPCResourceController",
            "aws_security_group.base-sg",
            "aws_subnet.base-subnets",
            "aws_vpc.base-vpc",
            "data.aws_availability_zones.available"
          ]
        }
      ]
    }
  ],
  "check_results": null
}
